
Microsoft Visual Studio Solution File, Format Version 12.00
# Visual Studio 15
VisualStudioVersion = 15.0.28307.329
MinimumVisualStudioVersion = 10.0.40219.1
Project("{FAE04EC0-301F-11D3-BF4B-00C04F79EFBC}") = "bookstore", "bookstore\bookstore.csproj", "{7D3578D6-A62C-4A1D-B690-24B3A85C3AF0}"
EndProject
Global
	GlobalSection(SolutionConfigurationPlatforms) = preSolution
		Debug|Any CPU = Debug|Any CPU
		Release|Any CPU = Release|Any CPU
	EndGlobalSection
	GlobalSection(ProjectConfigurationPlatforms) = postSolution
		{7D3578D6-A62C-4A1D-B690-24B3A85C3AF0}.Debug|Any CPU.ActiveCfg = Debug|Any CPU
		{7D3578D6-A62C-4A1D-B690-24B3A85C3AF0}.Debug|Any CPU.Build.0 = Debug|Any CPU
		{7D3578D6-A62C-4A1D-B690-24B3A85C3AF0}.Release|Any CPU.ActiveCfg = Release|Any CPU
		{7D3578D6-A62C-4A1D-B690-24B3A85C3AF0}.Release|Any CPU.Build.0 = Release|Any CPU
	EndGlobalSection
	GlobalSection(SolutionProperties) = preSolution
		HideSolutionNode = FALSE
	EndGlobalSection
	GlobalSection(ExtensibilityGlobals) = postSolution
		SolutionGuid = {A4255877-16AB-45FF-93E0-3C271098788E}
	EndGlobalSection
EndGlobal
