
Microsoft Visual Studio Solution File, Format Version 12.00
# Visual Studio 15
VisualStudioVersion = 15.0.28307.329
MinimumVisualStudioVersion = 10.0.40219.1
Project("{FAE04EC0-301F-11D3-BF4B-00C04F79EFBC}") = "BS1", "BS1\BS1.csproj", "{1BE5A165-55FE-467C-9E50-779CC4E1D6DA}"
EndProject
Global
	GlobalSection(SolutionConfigurationPlatforms) = preSolution
		Debug|Any CPU = Debug|Any CPU
		Release|Any CPU = Release|Any CPU
	EndGlobalSection
	GlobalSection(ProjectConfigurationPlatforms) = postSolution
		{1BE5A165-55FE-467C-9E50-779CC4E1D6DA}.Debug|Any CPU.ActiveCfg = Debug|Any CPU
		{1BE5A165-55FE-467C-9E50-779CC4E1D6DA}.Debug|Any CPU.Build.0 = Debug|Any CPU
		{1BE5A165-55FE-467C-9E50-779CC4E1D6DA}.Release|Any CPU.ActiveCfg = Release|Any CPU
		{1BE5A165-55FE-467C-9E50-779CC4E1D6DA}.Release|Any CPU.Build.0 = Release|Any CPU
	EndGlobalSection
	GlobalSection(SolutionProperties) = preSolution
		HideSolutionNode = FALSE
	EndGlobalSection
	GlobalSection(ExtensibilityGlobals) = postSolution
		SolutionGuid = {8B458A01-D97A-4218-9F75-52E4AF5B4A0B}
	EndGlobalSection
EndGlobal
